
Microsoft Visual Studio Solution File, Format Version 12.00
# Visual Studio Version 16
VisualStudioVersion = 16.0.30503.244
MinimumVisualStudioVersion = 10.0.40219.1
Project("{FAE04EC0-301F-11D3-BF4B-00C04F79EFBC}") = "Fizra", "Fizra\Fizra.csproj", "{D9C35AAE-EDB6-4675-BF7E-49883319268E}"
EndProject
Global
	GlobalSection(SolutionConfigurationPlatforms) = preSolution
		Debug|Any CPU = Debug|Any CPU
		Release|Any CPU = Release|Any CPU
	EndGlobalSection
	GlobalSection(ProjectConfigurationPlatforms) = postSolution
		{D9C35AAE-EDB6-4675-BF7E-49883319268E}.Debug|Any CPU.ActiveCfg = Debug|Any CPU
		{D9C35AAE-EDB6-4675-BF7E-49883319268E}.Debug|Any CPU.Build.0 = Debug|Any CPU
		{D9C35AAE-EDB6-4675-BF7E-49883319268E}.Release|Any CPU.ActiveCfg = Release|Any CPU
		{D9C35AAE-EDB6-4675-BF7E-49883319268E}.Release|Any CPU.Build.0 = Release|Any CPU
	EndGlobalSection
	GlobalSection(SolutionProperties) = preSolution
		HideSolutionNode = FALSE
	EndGlobalSection
	GlobalSection(ExtensibilityGlobals) = postSolution
		SolutionGuid = {4F3A7344-A1EC-4919-BFBF-2DE89CBDA923}
	EndGlobalSection
EndGlobal
