
Microsoft Visual Studio Solution File, Format Version 12.00
# Visual Studio 15
VisualStudioVersion = 15.0.28307.1500
MinimumVisualStudioVersion = 10.0.40219.1
Project("{FAE04EC0-301F-11D3-BF4B-00C04F79EFBC}") = "SDS_Client", "SDS_Client\SDS_Client.csproj", "{03D34E46-188D-4BC2-9A90-A8914808EA28}"
EndProject
Global
	GlobalSection(SolutionConfigurationPlatforms) = preSolution
		Debug|Any CPU = Debug|Any CPU
		Release|Any CPU = Release|Any CPU
	EndGlobalSection
	GlobalSection(ProjectConfigurationPlatforms) = postSolution
		{03D34E46-188D-4BC2-9A90-A8914808EA28}.Debug|Any CPU.ActiveCfg = Debug|Any CPU
		{03D34E46-188D-4BC2-9A90-A8914808EA28}.Debug|Any CPU.Build.0 = Debug|Any CPU
		{03D34E46-188D-4BC2-9A90-A8914808EA28}.Release|Any CPU.ActiveCfg = Release|Any CPU
		{03D34E46-188D-4BC2-9A90-A8914808EA28}.Release|Any CPU.Build.0 = Release|Any CPU
	EndGlobalSection
	GlobalSection(SolutionProperties) = preSolution
		HideSolutionNode = FALSE
	EndGlobalSection
	GlobalSection(ExtensibilityGlobals) = postSolution
		SolutionGuid = {2DEFB386-2A36-4A93-8CAB-6F6D9170E708}
	EndGlobalSection
EndGlobal
